
Microsoft Visual Studio Solution File, Format Version 12.00
# Visual Studio Version 16
VisualStudioVersion = 25.0.1700.6
MinimumVisualStudioVersion = 10.0.40219.1
Project("{FAE04EC0-301F-11D3-BF4B-00C04F79EFBC}") = "DiceRoller", "DiceRoller\DiceRoller.csproj", "{2D09C5C6-E822-4DD6-80EB-FF4C987684E5}"
EndProject
Global
	GlobalSection(SolutionConfigurationPlatforms) = preSolution
		Debug|Any CPU = Debug|Any CPU
		Release|Any CPU = Release|Any CPU
	EndGlobalSection
	GlobalSection(ProjectConfigurationPlatforms) = postSolution
		{2D09C5C6-E822-4DD6-80EB-FF4C987684E5}.Debug|Any CPU.ActiveCfg = Debug|Any CPU
		{2D09C5C6-E822-4DD6-80EB-FF4C987684E5}.Debug|Any CPU.Build.0 = Debug|Any CPU
		{2D09C5C6-E822-4DD6-80EB-FF4C987684E5}.Release|Any CPU.ActiveCfg = Release|Any CPU
		{2D09C5C6-E822-4DD6-80EB-FF4C987684E5}.Release|Any CPU.Build.0 = Release|Any CPU
	EndGlobalSection
	GlobalSection(SolutionProperties) = preSolution
		HideSolutionNode = FALSE
	EndGlobalSection
	GlobalSection(ExtensibilityGlobals) = postSolution
		SolutionGuid = {DBE59E6F-0E5F-4FD4-9C02-674AD0E6B95B}
	EndGlobalSection
EndGlobal
